
Microsoft Visual Studio Solution File, Format Version 12.00
# Visual Studio Version 17
VisualStudioVersion = 17.0.31903.59
MinimumVisualStudioVersion = 10.0.40219.1
Project("{2150E333-8FDC-42A3-9474-1A3956D46DE8}") = "projects", "projects", "{F17CA6F8-B926-4CA2-A2F7-B9607E78C05E}"
EndProject
Project("{FAE04EC0-301F-11D3-BF4B-00C04F79EFBC}") = "Sdl2Sharp", "projects\Sdl2Sharp\Sdl2Sharp.csproj", "{6F875300-F8C9-49F6-B734-809ACE12A7F5}"
EndProject
Global
	GlobalSection(SolutionConfigurationPlatforms) = preSolution
		Debug|Any CPU = Debug|Any CPU
		Release|Any CPU = Release|Any CPU
	EndGlobalSection
	GlobalSection(SolutionProperties) = preSolution
		HideSolutionNode = FALSE
	EndGlobalSection
	GlobalSection(ProjectConfigurationPlatforms) = postSolution
		{6F875300-F8C9-49F6-B734-809ACE12A7F5}.Debug|Any CPU.ActiveCfg = Debug|Any CPU
		{6F875300-F8C9-49F6-B734-809ACE12A7F5}.Debug|Any CPU.Build.0 = Debug|Any CPU
		{6F875300-F8C9-49F6-B734-809ACE12A7F5}.Release|Any CPU.ActiveCfg = Release|Any CPU
		{6F875300-F8C9-49F6-B734-809ACE12A7F5}.Release|Any CPU.Build.0 = Release|Any CPU
	EndGlobalSection
	GlobalSection(NestedProjects) = preSolution
		{6F875300-F8C9-49F6-B734-809ACE12A7F5} = {F17CA6F8-B926-4CA2-A2F7-B9607E78C05E}
	EndGlobalSection
EndGlobal
